
Microsoft Visual Studio Solution File, Format Version 12.00
# Visual Studio Version 16
VisualStudioVersion = 16.0.32901.82
MinimumVisualStudioVersion = 10.0.40219.1
Project("{9A19103F-16F7-4668-BE54-9A1E7A4F7556}") = "Domain", "Domain\Domain.csproj", "{0842AFDE-5B0A-4FC4-BA42-C829D97EC45F}"
EndProject
Project("{9A19103F-16F7-4668-BE54-9A1E7A4F7556}") = "Repository", "Repository\Repository.csproj", "{1D4AA616-C650-489E-8887-2D598BFDA6F1}"
EndProject
Project("{9A19103F-16F7-4668-BE54-9A1E7A4F7556}") = "Service", "Service\Service.csproj", "{015E107A-643A-4553-B550-EF7C7348B9C2}"
EndProject
Project("{9A19103F-16F7-4668-BE54-9A1E7A4F7556}") = "WebAPIAlumnos", "WebAPIAlumnos\WebAPIAlumnos.csproj", "{95F69302-4357-4042-9862-78E3AD4A7A09}"
EndProject
Project("{FAE04EC0-301F-11D3-BF4B-00C04F79EFBC}") = "Frontend", "Frontend\Frontend.csproj", "{1FB509D8-05F7-4784-97FA-A0E8F25A7C44}"
EndProject
Global
	GlobalSection(SolutionConfigurationPlatforms) = preSolution
		Debug|Any CPU = Debug|Any CPU
		Release|Any CPU = Release|Any CPU
	EndGlobalSection
	GlobalSection(ProjectConfigurationPlatforms) = postSolution
		{0842AFDE-5B0A-4FC4-BA42-C829D97EC45F}.Debug|Any CPU.ActiveCfg = Debug|Any CPU
		{0842AFDE-5B0A-4FC4-BA42-C829D97EC45F}.Debug|Any CPU.Build.0 = Debug|Any CPU
		{0842AFDE-5B0A-4FC4-BA42-C829D97EC45F}.Release|Any CPU.ActiveCfg = Release|Any CPU
		{0842AFDE-5B0A-4FC4-BA42-C829D97EC45F}.Release|Any CPU.Build.0 = Release|Any CPU
		{1D4AA616-C650-489E-8887-2D598BFDA6F1}.Debug|Any CPU.ActiveCfg = Debug|Any CPU
		{1D4AA616-C650-489E-8887-2D598BFDA6F1}.Debug|Any CPU.Build.0 = Debug|Any CPU
		{1D4AA616-C650-489E-8887-2D598BFDA6F1}.Release|Any CPU.ActiveCfg = Release|Any CPU
		{1D4AA616-C650-489E-8887-2D598BFDA6F1}.Release|Any CPU.Build.0 = Release|Any CPU
		{015E107A-643A-4553-B550-EF7C7348B9C2}.Debug|Any CPU.ActiveCfg = Debug|Any CPU
		{015E107A-643A-4553-B550-EF7C7348B9C2}.Debug|Any CPU.Build.0 = Debug|Any CPU
		{015E107A-643A-4553-B550-EF7C7348B9C2}.Release|Any CPU.ActiveCfg = Release|Any CPU
		{015E107A-643A-4553-B550-EF7C7348B9C2}.Release|Any CPU.Build.0 = Release|Any CPU
		{95F69302-4357-4042-9862-78E3AD4A7A09}.Debug|Any CPU.ActiveCfg = Debug|Any CPU
		{95F69302-4357-4042-9862-78E3AD4A7A09}.Debug|Any CPU.Build.0 = Debug|Any CPU
		{95F69302-4357-4042-9862-78E3AD4A7A09}.Release|Any CPU.ActiveCfg = Release|Any CPU
		{95F69302-4357-4042-9862-78E3AD4A7A09}.Release|Any CPU.Build.0 = Release|Any CPU
		{1FB509D8-05F7-4784-97FA-A0E8F25A7C44}.Debug|Any CPU.ActiveCfg = Debug|Any CPU
		{1FB509D8-05F7-4784-97FA-A0E8F25A7C44}.Debug|Any CPU.Build.0 = Debug|Any CPU
		{1FB509D8-05F7-4784-97FA-A0E8F25A7C44}.Release|Any CPU.ActiveCfg = Release|Any CPU
		{1FB509D8-05F7-4784-97FA-A0E8F25A7C44}.Release|Any CPU.Build.0 = Release|Any CPU
	EndGlobalSection
	GlobalSection(SolutionProperties) = preSolution
		HideSolutionNode = FALSE
	EndGlobalSection
	GlobalSection(ExtensibilityGlobals) = postSolution
		SolutionGuid = {0DB19600-9E54-4C20-86E7-6FA924E5355B}
	EndGlobalSection
EndGlobal
